// !$*UTF8*$!
{
	archiveVersion = 1;
	classes = {
	};
	objectVersion = 50;
	objects = {

/* Begin PBXBuildFile section */
		ACEBC534233A414E001AFE75 /* AppDelegate.swift in Sources */ = {isa = PBXBuildFile; fileRef = ACEBC533233A414E001AFE75 /* AppDelegate.swift */; };
		ACEBC536233A414E001AFE75 /* SceneDelegate.swift in Sources */ = {isa = PBXBuildFile; fileRef = ACEBC535233A414E001AFE75 /* SceneDelegate.swift */; };
		ACEBC538233A414E001AFE75 /* ViewController.swift in Sources */ = {isa = PBXBuildFile; fileRef = ACEBC537233A414E001AFE75 /* ViewController.swift */; };
		ACEBC53B233A414E001AFE75 /* Main.storyboard in Resources */ = {isa = PBXBuildFile; fileRef = ACEBC539233A414E001AFE75 /* Main.storyboard */; };
		ACEBC53D233A414F001AFE75 /* Assets.xcassets in Resources */ = {isa = PBXBuildFile; fileRef = ACEBC53C233A414F001AFE75 /* Assets.xcassets */; };
		ACEBC540233A414F001AFE75 /* LaunchScreen.storyboard in Resources */ = {isa = PBXBuildFile; fileRef = ACEBC53E233A414F001AFE75 /* LaunchScreen.storyboard */; };
		ACEBC54B233A4150001AFE75 /* PushNotificationTests.swift in Sources */ = {isa = PBXBuildFile; fileRef = ACEBC54A233A4150001AFE75 /* PushNotificationTests.swift */; };
		ACEBC556233A4150001AFE75 /* PushNotificationUITests.swift in Sources */ = {isa = PBXBuildFile; fileRef = ACEBC555233A4150001AFE75 /* PushNotificationUITests.swift */; };
/* End PBXBuildFile section */

/* Begin PBXContainerItemProxy section */
		ACEBC547233A4150001AFE75 /* PBXContainerItemProxy */ = {
			isa = PBXContainerItemProxy;
			containerPortal = ACEBC528233A414E001AFE75 /* Project object */;
			proxyType = 1;
			remoteGlobalIDString = ACEBC52F233A414E001AFE75;
			remoteInfo = PushNotification;
		};
		ACEBC552233A4150001AFE75 /* PBXContainerItemProxy */ = {
			isa = PBXContainerItemProxy;
			containerPortal = ACEBC528233A414E001AFE75 /* Project object */;
			proxyType = 1;
			remoteGlobalIDString = ACEBC52F233A414E001AFE75;
			remoteInfo = PushNotification;
		};
/* End PBXContainerItemProxy section */

/* Begin PBXFileReference section */
		ACEBC530233A414E001AFE75 /* PushNotification.app */ = {isa = PBXFileReference; explicitFileType = wrapper.application; includeInIndex = 0; path = PushNotification.app; sourceTree = BUILT_PRODUCTS_DIR; };
		ACEBC533233A414E001AFE75 /* AppDelegate.swift */ = {isa = PBXFileReference; lastKnownFileType = sourcecode.swift; path = AppDelegate.swift; sourceTree = "<group>"; };
		ACEBC535233A414E001AFE75 /* SceneDelegate.swift */ = {isa = PBXFileReference; lastKnownFileType = sourcecode.swift; path = SceneDelegate.swift; sourceTree = "<group>"; };
		ACEBC537233A414E001AFE75 /* ViewController.swift */ = {isa = PBXFileReference; lastKnownFileType = sourcecode.swift; path = ViewController.swift; sourceTree = "<group>"; };
		ACEBC53A233A414E001AFE75 /* Base */ = {isa = PBXFileReference; lastKnownFileType = file.storyboard; name = Base; path = Base.lproj/Main.storyboard; sourceTree = "<group>"; };
		ACEBC53C233A414F001AFE75 /* Assets.xcassets */ = {isa = PBXFileReference; lastKnownFileType = folder.assetcatalog; path = Assets.xcassets; sourceTree = "<group>"; };
		ACEBC53F233A414F001AFE75 /* Base */ = {isa = PBXFileReference; lastKnownFileType = file.storyboard; name = Base; path = Base.lproj/LaunchScreen.storyboard; sourceTree = "<group>"; };
		ACEBC541233A414F001AFE75 /* Info.plist */ = {isa = PBXFileReference; lastKnownFileType = text.plist.xml; path = Info.plist; sourceTree = "<group>"; };
		ACEBC546233A4150001AFE75 /* PushNotificationTests.xctest */ = {isa = PBXFileReference; explicitFileType = wrapper.cfbundle; includeInIndex = 0; path = PushNotificationTests.xctest; sourceTree = BUILT_PRODUCTS_DIR; };
		ACEBC54A233A4150001AFE75 /* PushNotificationTests.swift */ = {isa = PBXFileReference; lastKnownFileType = sourcecode.swift; path = PushNotificationTests.swift; sourceTree = "<group>"; };
		ACEBC54C233A4150001AFE75 /* Info.plist */ = {isa = PBXFileReference; lastKnownFileType = text.plist.xml; path = Info.plist; sourceTree = "<group>"; };
		ACEBC551233A4150001AFE75 /* PushNotificationUITests.xctest */ = {isa = PBXFileReference; explicitFileType = wrapper.cfbundle; includeInIndex = 0; path = PushNotificationUITests.xctest; sourceTree = BUILT_PRODUCTS_DIR; };
		ACEBC555233A4150001AFE75 /* PushNotificationUITests.swift */ = {isa = PBXFileReference; lastKnownFileType = sourcecode.swift; path = PushNotificationUITests.swift; sourceTree = "<group>"; };
		ACEBC557233A4150001AFE75 /* Info.plist */ = {isa = PBXFileReference; lastKnownFileType = text.plist.xml; path = Info.plist; sourceTree = "<group>"; };
/* End PBXFileReference section */

/* Begin PBXFrameworksBuildPhase section */
		ACEBC52D233A414E001AFE75 /* Frameworks */ = {
			isa = PBXFrameworksBuildPhase;
			buildActionMask = 2147483647;
			files = (
			);
			runOnlyForDeploymentPostprocessing = 0;
		};
		ACEBC543233A4150001AFE75 /* Frameworks */ = {
			isa = PBXFrameworksBuildPhase;
			buildActionMask = 2147483647;
			files = (
			);
			runOnlyForDeploymentPostprocessing = 0;
		};
		ACEBC54E233A4150001AFE75 /* Frameworks */ = {
			isa = PBXFrameworksBuildPhase;
			buildActionMask = 2147483647;
			files = (
			);
			runOnlyForDeploymentPostprocessing = 0;
		};
/* End PBXFrameworksBuildPhase section */

/* Begin PBXGroup section */
		ACEBC527233A414E001AFE75 = {
			isa = PBXGroup;
			children = (
				ACEBC532233A414E001AFE75 /* PushNotification */,
				ACEBC549233A4150001AFE75 /* PushNotificationTests */,
				ACEBC554233A4150001AFE75 /* PushNotificationUITests */,
				ACEBC531233A414E001AFE75 /* Products */,
			);
			sourceTree = "<group>";
		};
		ACEBC531233A414E001AFE75 /* Products */ = {
			isa = PBXGroup;
			children = (
				ACEBC530233A414E001AFE75 /* PushNotification.app */,
				ACEBC546233A4150001AFE75 /* PushNotificationTests.xctest */,
				ACEBC551233A4150001AFE75 /* PushNotificationUITests.xctest */,
			);
			name = Products;
			sourceTree = "<group>";
		};
		ACEBC532233A414E001AFE75 /* PushNotification */ = {
			isa = PBXGroup;
			children = (
				ACEBC533233A414E001AFE75 /* AppDelegate.swift */,
				ACEBC535233A414E001AFE75 /* SceneDelegate.swift */,
				ACEBC537233A414E001AFE75 /* ViewController.swift */,
				ACEBC539233A414E001AFE75 /* Main.storyboard */,
				ACEBC53C233A414F001AFE75 /* Assets.xcassets */,
				ACEBC53E233A414F001AFE75 /* LaunchScreen.storyboard */,
				ACEBC541233A414F001AFE75 /* Info.plist */,
			);
			path = PushNotification;
			sourceTree = "<group>";
		};
		ACEBC549233A4150001AFE75 /* PushNotificationTests */ = {
			isa = PBXGroup;
			children = (
				ACEBC54A233A4150001AFE75 /* PushNotificationTests.swift */,
				ACEBC54C233A4150001AFE75 /* Info.plist */,
			);
			path = PushNotificationTests;
			sourceTree = "<group>";
		};
		ACEBC554233A4150001AFE75 /* PushNotificationUITests */ = {
			isa = PBXGroup;
			children = (
				ACEBC555233A4150001AFE75 /* PushNotificationUITests.swift */,
				ACEBC557233A4150001AFE75 /* Info.plist */,
			);
			path = PushNotificationUITests;
			sourceTree = "<group>";
		};
/* End PBXGroup section */

/* Begin PBXNativeTarget section */
		ACEBC52F233A414E001AFE75 /* PushNotification */ = {
			isa = PBXNativeTarget;
			buildConfigurationList = ACEBC55A233A4150001AFE75 /* Build configuration list for PBXNativeTarget "PushNotification" */;
			buildPhases = (
				ACEBC52C233A414E001AFE75 /* Sources */,
				ACEBC52D233A414E001AFE75 /* Frameworks */,
				ACEBC52E233A414E001AFE75 /* Resources */,
			);
			buildRules = (
			);
			dependencies = (
			);
			name = PushNotification;
			productName = PushNotification;
			productReference = ACEBC530233A414E001AFE75 /* PushNotification.app */;
			productType = "com.apple.product-type.application";
		};
		ACEBC545233A4150001AFE75 /* PushNotificationTests */ = {
			isa = PBXNativeTarget;
			buildConfigurationList = ACEBC55D233A4150001AFE75 /* Build configuration list for PBXNativeTarget "PushNotificationTests" */;
			buildPhases = (
				ACEBC542233A4150001AFE75 /* Sources */,
				ACEBC543233A4150001AFE75 /* Frameworks */,
				ACEBC544233A4150001AFE75 /* Resources */,
			);
			buildRules = (
			);
			dependencies = (
				ACEBC548233A4150001AFE75 /* PBXTargetDependency */,
			);
			name = PushNotificationTests;
			productName = PushNotificationTests;
			productReference = ACEBC546233A4150001AFE75 /* PushNotificationTests.xctest */;
			productType = "com.apple.product-type.bundle.unit-test";
		};
		ACEBC550233A4150001AFE75 /* PushNotificationUITests */ = {
			isa = PBXNativeTarget;
			buildConfigurationList = ACEBC560233A4150001AFE75 /* Build configuration list for PBXNativeTarget "PushNotificationUITests" */;
			buildPhases = (
				ACEBC54D233A4150001AFE75 /* Sources */,
				ACEBC54E233A4150001AFE75 /* Frameworks */,
				ACEBC54F233A4150001AFE75 /* Resources */,
			);
			buildRules = (
			);
			dependencies = (
				ACEBC553233A4150001AFE75 /* PBXTargetDependency */,
			);
			name = PushNotificationUITests;
			productName = PushNotificationUITests;
			productReference = ACEBC551233A4150001AFE75 /* PushNotificationUITests.xctest */;
			productType = "com.apple.product-type.bundle.ui-testing";
		};
/* End PBXNativeTarget section */

/* Begin PBXProject section */
		ACEBC528233A414E001AFE75 /* Project object */ = {
			isa = PBXProject;
			attributes = {
				LastSwiftUpdateCheck = 1100;
				LastUpgradeCheck = 1100;
				ORGANIZATIONNAME = "Alex Lopez";
				TargetAttributes = {
					ACEBC52F233A414E001AFE75 = {
						CreatedOnToolsVersion = 11.0;
					};
					ACEBC545233A4150001AFE75 = {
						CreatedOnToolsVersion = 11.0;
						TestTargetID = ACEBC52F233A414E001AFE75;
					};
					ACEBC550233A4150001AFE75 = {
						CreatedOnToolsVersion = 11.0;
						TestTargetID = ACEBC52F233A414E001AFE75;
					};
				};
			};
			buildConfigurationList = ACEBC52B233A414E001AFE75 /* Build configuration list for PBXProject "PushNotification" */;
			compatibilityVersion = "Xcode 9.3";
			developmentRegion = en;
			hasScannedForEncodings = 0;
			knownRegions = (
				en,
				Base,
			);
			mainGroup = ACEBC527233A414E001AFE75;
			productRefGroup = ACEBC531233A414E001AFE75 /* Products */;
			projectDirPath = "";
			projectRoot = "";
			targets = (
				ACEBC52F233A414E001AFE75 /* PushNotification */,
				ACEBC545233A4150001AFE75 /* PushNotificationTests */,
				ACEBC550233A4150001AFE75 /* PushNotificationUITests */,
			);
		};
/* End PBXProject section */

/* Begin PBXResourcesBuildPhase section */
		ACEBC52E233A414E001AFE75 /* Resources */ = {
			isa = PBXResourcesBuildPhase;
			buildActionMask = 2147483647;
			files = (
				ACEBC540233A414F001AFE75 /* LaunchScreen.storyboard in Resources */,
				ACEBC53D233A414F001AFE75 /* Assets.xcassets in Resources */,
				ACEBC53B233A414E001AFE75 /* Main.storyboard in Resources */,
			);
			runOnlyForDeploymentPostprocessing = 0;
		};
		ACEBC544233A4150001AFE75 /* Resources */ = {
			isa = PBXResourcesBuildPhase;
			buildActionMask = 2147483647;
			files = (
			);
			runOnlyForDeploymentPostprocessing = 0;
		};
		ACEBC54F233A4150001AFE75 /* Resources */ = {
			isa = PBXResourcesBuildPhase;
			buildActionMask = 2147483647;
			files = (
			);
			runOnlyForDeploymentPostprocessing = 0;
		};
/* End PBXResourcesBuildPhase section */

/* Begin PBXSourcesBuildPhase section */
		ACEBC52C233A414E001AFE75 /* Sources */ = {
			isa = PBXSourcesBuildPhase;
			buildActionMask = 2147483647;
			files = (
				ACEBC538233A414E001AFE75 /* ViewController.swift in Sources */,
				ACEBC534233A414E001AFE75 /* AppDelegate.swift in Sources */,
				ACEBC536233A414E001AFE75 /* SceneDelegate.swift in Sources */,
			);
			runOnlyForDeploymentPostprocessing = 0;
		};
		ACEBC542233A4150001AFE75 /* Sources */ = {
			isa = PBXSourcesBuildPhase;
			buildActionMask = 2147483647;
			files = (
				ACEBC54B233A4150001AFE75 /* PushNotificationTests.swift in Sources */,
			);
			runOnlyForDeploymentPostprocessing = 0;
		};
		ACEBC54D233A4150001AFE75 /* Sources */ = {
			isa = PBXSourcesBuildPhase;
			buildActionMask = 2147483647;
			files = (
				ACEBC556233A4150001AFE75 /* PushNotificationUITests.swift in Sources */,
			);
			runOnlyForDeploymentPostprocessing = 0;
		};
/* End PBXSourcesBuildPhase section */

/* Begin PBXTargetDependency section */
		ACEBC548233A4150001AFE75 /* PBXTargetDependency */ = {
			isa = PBXTargetDependency;
			target = ACEBC52F233A414E001AFE75 /* PushNotification */;
			targetProxy = ACEBC547233A4150001AFE75 /* PBXContainerItemProxy */;
		};
		ACEBC553233A4150001AFE75 /* PBXTargetDependency */ = {
			isa = PBXTargetDependency;
			target = ACEBC52F233A414E001AFE75 /* PushNotification */;
			targetProxy = ACEBC552233A4150001AFE75 /* PBXContainerItemProxy */;
		};
/* End PBXTargetDependency section */

/* Begin PBXVariantGroup section */
		ACEBC539233A414E001AFE75 /* Main.storyboard */ = {
			isa = PBXVariantGroup;
			children = (
				ACEBC53A233A414E001AFE75 /* Base */,
			);
			name = Main.storyboard;
			sourceTree = "<group>";
		};
		ACEBC53E233A414F001AFE75 /* LaunchScreen.storyboard */ = {
			isa = PBXVariantGroup;
			children = (
				ACEBC53F233A414F001AFE75 /* Base */,
			);
			name = LaunchScreen.storyboard;
			sourceTree = "<group>";
		};
/* End PBXVariantGroup section */

/* Begin XCBuildConfiguration section */
		ACEBC558233A4150001AFE75 /* Debug */ = {
			isa = XCBuildConfiguration;
			buildSettings = {
				ALWAYS_SEARCH_USER_PATHS = NO;
				CLANG_ANALYZER_NONNULL = YES;
				CLANG_ANALYZER_NUMBER_OBJECT_CONVERSION = YES_AGGRESSIVE;
				CLANG_CXX_LANGUAGE_STANDARD = "gnu++14";
				CLANG_CXX_LIBRARY = "libc++";
				CLANG_ENABLE_MODULES = YES;
				CLANG_ENABLE_OBJC_ARC = YES;
				CLANG_ENABLE_OBJC_WEAK = YES;
				CLANG_WARN_BLOCK_CAPTURE_AUTORELEASING = YES;
				CLANG_WARN_BOOL_CONVERSION = YES;
				CLANG_WARN_COMMA = YES;
				CLANG_WARN_CONSTANT_CONVERSION = YES;
				CLANG_WARN_DEPRECATED_OBJC_IMPLEMENTATIONS = YES;
				CLANG_WARN_DIRECT_OBJC_ISA_USAGE = YES_ERROR;
				CLANG_WARN_DOCUMENTATION_COMMENTS = YES;
				CLANG_WARN_EMPTY_BODY = YES;
				CLANG_WARN_ENUM_CONVERSION = YES;
				CLANG_WARN_INFINITE_RECURSION = YES;
				CLANG_WARN_INT_CONVERSION = YES;
				CLANG_WARN_NON_LITERAL_NULL_CONVERSION = YES;
				CLANG_WARN_OBJC_IMPLICIT_RETAIN_SELF = YES;
				CLANG_WARN_OBJC_LITERAL_CONVERSION = YES;
				CLANG_WARN_OBJC_ROOT_CLASS = YES_ERROR;
				CLANG_WARN_RANGE_LOOP_ANALYSIS = YES;
				CLANG_WARN_STRICT_PROTOTYPES = YES;
				CLANG_WARN_SUSPICIOUS_MOVE = YES;
				CLANG_WARN_UNGUARDED_AVAILABILITY = YES_AGGRESSIVE;
				CLANG_WARN_UNREACHABLE_CODE = YES;
				CLANG_WARN__DUPLICATE_METHOD_MATCH = YES;
				COPY_PHASE_STRIP = NO;
				DEBUG_INFORMATION_FORMAT = dwarf;
				ENABLE_STRICT_OBJC_MSGSEND = YES;
				ENABLE_TESTABILITY = YES;
				GCC_C_LANGUAGE_STANDARD = gnu11;
				GCC_DYNAMIC_NO_PIC = NO;
				GCC_NO_COMMON_BLOCKS = YES;
				GCC_OPTIMIZATION_LEVEL = 0;
				GCC_PREPROCESSOR_DEFINITIONS = (
					"DEBUG=1",
					"$(inherited)",
				);
				GCC_WARN_64_TO_32_BIT_CONVERSION = YES;
				GCC_WARN_ABOUT_RETURN_TYPE = YES_ERROR;
				GCC_WARN_UNDECLARED_SELECTOR = YES;
				GCC_WARN_UNINITIALIZED_AUTOS = YES_AGGRESSIVE;
				GCC_WARN_UNUSED_FUNCTION = YES;
				GCC_WARN_UNUSED_VARIABLE = YES;
				IPHONEOS_DEPLOYMENT_TARGET = 13.0;
				MTL_ENABLE_DEBUG_INFO = INCLUDE_SOURCE;
				MTL_FAST_MATH = YES;
				ONLY_ACTIVE_ARCH = YES;
				SDKROOT = iphoneos;
				SWIFT_ACTIVE_COMPILATION_CONDITIONS = DEBUG;
				SWIFT_OPTIMIZATION_LEVEL = "-Onone";
			};
			name = Debug;
		};
		ACEBC559233A4150001AFE75 /* Release */ = {
			isa = XCBuildConfiguration;
			buildSettings = {
				ALWAYS_SEARCH_USER_PATHS = NO;
				CLANG_ANALYZER_NONNULL = YES;
				CLANG_ANALYZER_NUMBER_OBJECT_CONVERSION = YES_AGGRESSIVE;
				CLANG_CXX_LANGUAGE_STANDARD = "gnu++14";
				CLANG_CXX_LIBRARY = "libc++";
				CLANG_ENABLE_MODULES = YES;
				CLANG_ENABLE_OBJC_ARC = YES;
				CLANG_ENABLE_OBJC_WEAK = YES;
				CLANG_WARN_BLOCK_CAPTURE_AUTORELEASING = YES;
				CLANG_WARN_BOOL_CONVERSION = YES;
				CLANG_WARN_COMMA = YES;
				CLANG_WARN_CONSTANT_CONVERSION = YES;
				CLANG_WARN_DEPRECATED_OBJC_IMPLEMENTATIONS = YES;
				CLANG_WARN_DIRECT_OBJC_ISA_USAGE = YES_ERROR;
				CLANG_WARN_DOCUMENTATION_COMMENTS = YES;
				CLANG_WARN_EMPTY_BODY = YES;
				CLANG_WARN_ENUM_CONVERSION = YES;
				CLANG_WARN_INFINITE_RECURSION = YES;
				CLANG_WARN_INT_CONVERSION = YES;
				CLANG_WARN_NON_LITERAL_NULL_CONVERSION = YES;
				CLANG_WARN_OBJC_IMPLICIT_RETAIN_SELF = YES;
				CLANG_WARN_OBJC_LITERAL_CONVERSION = YES;
				CLANG_WARN_OBJC_ROOT_CLASS = YES_ERROR;
				CLANG_WARN_RANGE_LOOP_ANALYSIS = YES;
				CLANG_WARN_STRICT_PROTOTYPES = YES;
				CLANG_WARN_SUSPICIOUS_MOVE = YES;
				CLANG_WARN_UNGUARDED_AVAILABILITY = YES_AGGRESSIVE;
				CLANG_WARN_UNREACHABLE_CODE = YES;
				CLANG_WARN__DUPLICATE_METHOD_MATCH = YES;
				COPY_PHASE_STRIP = NO;
				DEBUG_INFORMATION_FORMAT = "dwarf-with-dsym";
				ENABLE_NS_ASSERTIONS = NO;
				ENABLE_STRICT_OBJC_MSGSEND = YES;
				GCC_C_LANGUAGE_STANDARD = gnu11;
				GCC_NO_COMMON_BLOCKS = YES;
				GCC_WARN_64_TO_32_BIT_CONVERSION = YES;
				GCC_WARN_ABOUT_RETURN_TYPE = YES_ERROR;
				GCC_WARN_UNDECLARED_SELECTOR = YES;
				GCC_WARN_UNINITIALIZED_AUTOS = YES_AGGRESSIVE;
				GCC_WARN_UNUSED_FUNCTION = YES;
				GCC_WARN_UNUSED_VARIABLE = YES;
				IPHONEOS_DEPLOYMENT_TARGET = 13.0;
				MTL_ENABLE_DEBUG_INFO = NO;
				MTL_FAST_MATH = YES;
				SDKROOT = iphoneos;
				SWIFT_COMPILATION_MODE = wholemodule;
				SWIFT_OPTIMIZATION_LEVEL = "-O";
				VALIDATE_PRODUCT = YES;
			};
			name = Release;
		};
		ACEBC55B233A4150001AFE75 /* Debug */ = {
			isa = XCBuildConfiguration;
			buildSettings = {
				ASSETCATALOG_COMPILER_APPICON_NAME = AppIcon;
				CODE_SIGN_STYLE = Automatic;
				DEVELOPMENT_TEAM = GW43D3Y98Y;
				INFOPLIST_FILE = PushNotification/Info.plist;
				LD_RUNPATH_SEARCH_PATHS = (
					"$(inherited)",
					"@executable_path/Frameworks",
				);
				PRODUCT_BUNDLE_IDENTIFIER = com.alexlopez.PushNotification;
				PRODUCT_NAME = "$(TARGET_NAME)";
				SWIFT_VERSION = 5.0;
				TARGETED_DEVICE_FAMILY = "1,2";
			};
			name = Debug;
		};
		ACEBC55C233A4150001AFE75 /* Release */ = {
			isa = XCBuildConfiguration;
			buildSettings = {
				ASSETCATALOG_COMPILER_APPICON_NAME = AppIcon;
				CODE_SIGN_STYLE = Automatic;
				DEVELOPMENT_TEAM = GW43D3Y98Y;
				INFOPLIST_FILE = PushNotification/Info.plist;
				LD_RUNPATH_SEARCH_PATHS = (
					"$(inherited)",
					"@executable_path/Frameworks",
				);
				PRODUCT_BUNDLE_IDENTIFIER = com.alexlopez.PushNotification;
				PRODUCT_NAME = "$(TARGET_NAME)";
				SWIFT_VERSION = 5.0;
				TARGETED_DEVICE_FAMILY = "1,2";
			};
			name = Release;
		};
		ACEBC55E233A4150001AFE75 /* Debug */ = {
			isa = XCBuildConfiguration;
			buildSettings = {
				ALWAYS_EMBED_SWIFT_STANDARD_LIBRARIES = YES;
				BUNDLE_LOADER = "$(TEST_HOST)";
				CODE_SIGN_STYLE = Automatic;
				DEVELOPMENT_TEAM = GW43D3Y98Y;
				INFOPLIST_FILE = PushNotificationTests/Info.plist;
				IPHONEOS_DEPLOYMENT_TARGET = 13.0;
				LD_RUNPATH_SEARCH_PATHS = (
					"$(inherited)",
					"@executable_path/Frameworks",
					"@loader_path/Frameworks",
				);
				PRODUCT_BUNDLE_IDENTIFIER = com.alexlopez.PushNotificationTests;
				PRODUCT_NAME = "$(TARGET_NAME)";
				SWIFT_VERSION = 5.0;
				TARGETED_DEVICE_FAMILY = "1,2";
				TEST_HOST = "$(BUILT_PRODUCTS_DIR)/PushNotification.app/PushNotification";
			};
			name = Debug;
		};
		ACEBC55F233A4150001AFE75 /* Release */ = {
			isa = XCBuildConfiguration;
			buildSettings = {
				ALWAYS_EMBED_SWIFT_STANDARD_LIBRARIES = YES;
				BUNDLE_LOADER = "$(TEST_HOST)";
				CODE_SIGN_STYLE = Automatic;
				DEVELOPMENT_TEAM = GW43D3Y98Y;
				INFOPLIST_FILE = PushNotificationTests/Info.plist;
				IPHONEOS_DEPLOYMENT_TARGET = 13.0;
				LD_RUNPATH_SEARCH_PATHS = (
					"$(inherited)",
					"@executable_path/Frameworks",
					"@loader_path/Frameworks",
				);
				PRODUCT_BUNDLE_IDENTIFIER = com.alexlopez.PushNotificationTests;
				PRODUCT_NAME = "$(TARGET_NAME)";
				SWIFT_VERSION = 5.0;
				TARGETED_DEVICE_FAMILY = "1,2";
				TEST_HOST = "$(BUILT_PRODUCTS_DIR)/PushNotification.app/PushNotification";
			};
			name = Release;
		};
		ACEBC561233A4150001AFE75 /* Debug */ = {
			isa = XCBuildConfiguration;
			buildSettings = {
				ALWAYS_EMBED_SWIFT_STANDARD_LIBRARIES = YES;
				CODE_SIGN_STYLE = Automatic;
				DEVELOPMENT_TEAM = GW43D3Y98Y;
				INFOPLIST_FILE = PushNotificationUITests/Info.plist;
				LD_RUNPATH_SEARCH_PATHS = (
					"$(inherited)",
					"@executable_path/Frameworks",
					"@loader_path/Frameworks",
				);
				PRODUCT_BUNDLE_IDENTIFIER = com.alexlopez.PushNotificationUITests;
				PRODUCT_NAME = "$(TARGET_NAME)";
				SWIFT_VERSION = 5.0;
				TARGETED_DEVICE_FAMILY = "1,2";
				TEST_TARGET_NAME = PushNotification;
			};
			name = Debug;
		};
		ACEBC562233A4150001AFE75 /* Release */ = {
			isa = XCBuildConfiguration;
			buildSettings = {
				ALWAYS_EMBED_SWIFT_STANDARD_LIBRARIES = YES;
				CODE_SIGN_STYLE = Automatic;
				DEVELOPMENT_TEAM = GW43D3Y98Y;
				INFOPLIST_FILE = PushNotificationUITests/Info.plist;
				LD_RUNPATH_SEARCH_PATHS = (
					"$(inherited)",
					"@executable_path/Frameworks",
					"@loader_path/Frameworks",
				);
				PRODUCT_BUNDLE_IDENTIFIER = com.alexlopez.PushNotificationUITests;
				PRODUCT_NAME = "$(TARGET_NAME)";
				SWIFT_VERSION = 5.0;
				TARGETED_DEVICE_FAMILY = "1,2";
				TEST_TARGET_NAME = PushNotification;
			};
			name = Release;
		};
/* End XCBuildConfiguration section */

/* Begin XCConfigurationList section */
		ACEBC52B233A414E001AFE75 /* Build configuration list for PBXProject "PushNotification" */ = {
			isa = XCConfigurationList;
			buildConfigurations = (
				ACEBC558233A4150001AFE75 /* Debug */,
				ACEBC559233A4150001AFE75 /* Release */,
			);
			defaultConfigurationIsVisible = 0;
			defaultConfigurationName = Release;
		};
		ACEBC55A233A4150001AFE75 /* Build configuration list for PBXNativeTarget "PushNotification" */ = {
			isa = XCConfigurationList;
			buildConfigurations = (
				ACEBC55B233A4150001AFE75 /* Debug */,
				ACEBC55C233A4150001AFE75 /* Release */,
			);
			defaultConfigurationIsVisible = 0;
			defaultConfigurationName = Release;
		};
		ACEBC55D233A4150001AFE75 /* Build configuration list for PBXNativeTarget "PushNotificationTests" */ = {
			isa = XCConfigurationList;
			buildConfigurations = (
				ACEBC55E233A4150001AFE75 /* Debug */,
				ACEBC55F233A4150001AFE75 /* Release */,
			);
			defaultConfigurationIsVisible = 0;
			defaultConfigurationName = Release;
		};
		ACEBC560233A4150001AFE75 /* Build configuration list for PBXNativeTarget "PushNotificationUITests" */ = {
			isa = XCConfigurationList;
			buildConfigurations = (
				ACEBC561233A4150001AFE75 /* Debug */,
				ACEBC562233A4150001AFE75 /* Release */,
			);
			defaultConfigurationIsVisible = 0;
			defaultConfigurationName = Release;
		};
/* End XCConfigurationList section */
	};
	rootObject = ACEBC528233A414E001AFE75 /* Project object */;
}
